
Microsoft Visual Studio Solution File, Format Version 12.00
# Visual Studio 15
VisualStudioVersion = 15.0.28307.902
MinimumVisualStudioVersion = 10.0.40219.1
Project("{FAE04EC0-301F-11D3-BF4B-00C04F79EFBC}") = "ProductsApp", "server\ProductsApp\ProductsApp.csproj", "{28888A73-B03A-4698-901E-D1181497280A}"
EndProject
Project("{FAE04EC0-301F-11D3-BF4B-00C04F79EFBC}") = "HttpClientSample", "client\HttpClientSample.csproj", "{F5F23E51-A57D-4140-AD19-B54DDF8B2CF4}"
EndProject
Project("{FAE04EC0-301F-11D3-BF4B-00C04F79EFBC}") = "WebApiClient", "WebApiClient\WebApiClient.csproj", "{725C6060-60AC-48E7-8F1A-A52DDE3FE867}"
EndProject
Global
	GlobalSection(SolutionConfigurationPlatforms) = preSolution
		Debug|Any CPU = Debug|Any CPU
		Release|Any CPU = Release|Any CPU
	EndGlobalSection
	GlobalSection(ProjectConfigurationPlatforms) = postSolution
		{28888A73-B03A-4698-901E-D1181497280A}.Debug|Any CPU.ActiveCfg = Debug|Any CPU
		{28888A73-B03A-4698-901E-D1181497280A}.Debug|Any CPU.Build.0 = Debug|Any CPU
		{28888A73-B03A-4698-901E-D1181497280A}.Release|Any CPU.ActiveCfg = Release|Any CPU
		{28888A73-B03A-4698-901E-D1181497280A}.Release|Any CPU.Build.0 = Release|Any CPU
		{F5F23E51-A57D-4140-AD19-B54DDF8B2CF4}.Debug|Any CPU.ActiveCfg = Debug|Any CPU
		{F5F23E51-A57D-4140-AD19-B54DDF8B2CF4}.Debug|Any CPU.Build.0 = Debug|Any CPU
		{F5F23E51-A57D-4140-AD19-B54DDF8B2CF4}.Release|Any CPU.ActiveCfg = Release|Any CPU
		{F5F23E51-A57D-4140-AD19-B54DDF8B2CF4}.Release|Any CPU.Build.0 = Release|Any CPU
		{725C6060-60AC-48E7-8F1A-A52DDE3FE867}.Debug|Any CPU.ActiveCfg = Debug|Any CPU
		{725C6060-60AC-48E7-8F1A-A52DDE3FE867}.Debug|Any CPU.Build.0 = Debug|Any CPU
		{725C6060-60AC-48E7-8F1A-A52DDE3FE867}.Release|Any CPU.ActiveCfg = Release|Any CPU
		{725C6060-60AC-48E7-8F1A-A52DDE3FE867}.Release|Any CPU.Build.0 = Release|Any CPU
	EndGlobalSection
	GlobalSection(SolutionProperties) = preSolution
		HideSolutionNode = FALSE
	EndGlobalSection
	GlobalSection(ExtensibilityGlobals) = postSolution
		SolutionGuid = {AB0381A1-6E91-456B-9A27-45A33A98406F}
	EndGlobalSection
EndGlobal
